// !$*UTF8*$!
{
	archiveVersion = 1;
	classes = {
	};
	objectVersion = 46;
	objects = {

/* Begin PBXBuildFile section */
		1F24136F14FFD77A00F29B07 /* Paddle.cpp in Sources */ = {isa = PBXBuildFile; fileRef = 1F24136E14FFD77A00F29B07 /* Paddle.cpp */; };
		1F24137A1500442600F29B07 /* Game.cpp in Sources */ = {isa = PBXBuildFile; fileRef = 1F2413791500442600F29B07 /* Game.cpp */; };
		1F2AF8A21500C1F900B35E67 /* GameView.mm in Sources */ = {isa = PBXBuildFile; fileRef = 1F2AF8A11500C1F900B35E67 /* GameView.mm */; };
		1F2AF8A91500CB2300B35E67 /* XDrawingContext.mm in Sources */ = {isa = PBXBuildFile; fileRef = 1F2AF8A81500CB2300B35E67 /* XDrawingContext.mm */; };
		1F8AB13214FFBCDA00703CF4 /* Cocoa.framework in Frameworks */ = {isa = PBXBuildFile; fileRef = 1F8AB13114FFBCDA00703CF4 /* Cocoa.framework */; };
		1F8AB13C14FFBCDA00703CF4 /* InfoPlist.strings in Resources */ = {isa = PBXBuildFile; fileRef = 1F8AB13A14FFBCDA00703CF4 /* InfoPlist.strings */; };
		1F8AB13E14FFBCDA00703CF4 /* main.m in Sources */ = {isa = PBXBuildFile; fileRef = 1F8AB13D14FFBCDA00703CF4 /* main.m */; };
		1F8AB14214FFBCDA00703CF4 /* Credits.rtf in Resources */ = {isa = PBXBuildFile; fileRef = 1F8AB14014FFBCDA00703CF4 /* Credits.rtf */; };
		1F8AB14514FFBCDA00703CF4 /* AppDelegate.mm in Sources */ = {isa = PBXBuildFile; fileRef = 1F8AB14414FFBCDA00703CF4 /* AppDelegate.mm */; };
		1F8AB14814FFBCDB00703CF4 /* MainMenu.xib in Resources */ = {isa = PBXBuildFile; fileRef = 1F8AB14614FFBCDA00703CF4 /* MainMenu.xib */; };
		1F8AB15014FFBEE900703CF4 /* GameObject.cpp in Sources */ = {isa = PBXBuildFile; fileRef = 1F8AB14F14FFBEE900703CF4 /* GameObject.cpp */; };
		1F8AB15714FFC92800703CF4 /* GameField.cpp in Sources */ = {isa = PBXBuildFile; fileRef = 1F8AB15614FFC92800703CF4 /* GameField.cpp */; };
		1F8AB15914FFD23700703CF4 /* Ball.cpp in Sources */ = {isa = PBXBuildFile; fileRef = 1F8AB15814FFD23700703CF4 /* Ball.cpp */; };
		1FAB5033150251FB00667CA2 /* HumanPlayer.cpp in Sources */ = {isa = PBXBuildFile; fileRef = 1FAB5032150251FB00667CA2 /* HumanPlayer.cpp */; };
		1FAB50351502526900667CA2 /* ComputerPlayer.cpp in Sources */ = {isa = PBXBuildFile; fileRef = 1FAB50341502526900667CA2 /* ComputerPlayer.cpp */; };
/* End PBXBuildFile section */

/* Begin PBXFileReference section */
		1F24136E14FFD77A00F29B07 /* Paddle.cpp */ = {isa = PBXFileReference; fileEncoding = 4; lastKnownFileType = sourcecode.cpp.cpp; path = Paddle.cpp; sourceTree = "<group>"; };
		1F24137515003BEC00F29B07 /* Player.h */ = {isa = PBXFileReference; lastKnownFileType = sourcecode.c.h; path = Player.h; sourceTree = "<group>"; };
		1F24137615003DBA00F29B07 /* HumanPlayer.h */ = {isa = PBXFileReference; lastKnownFileType = sourcecode.c.h; path = HumanPlayer.h; sourceTree = "<group>"; };
		1F2413771500408B00F29B07 /* ComputerPlayer.h */ = {isa = PBXFileReference; lastKnownFileType = sourcecode.c.h; path = ComputerPlayer.h; sourceTree = "<group>"; };
		1F241378150043A500F29B07 /* Game.h */ = {isa = PBXFileReference; lastKnownFileType = sourcecode.c.h; path = Game.h; sourceTree = "<group>"; };
		1F2413791500442600F29B07 /* Game.cpp */ = {isa = PBXFileReference; fileEncoding = 4; lastKnownFileType = sourcecode.cpp.cpp; path = Game.cpp; sourceTree = "<group>"; };
		1F2AF8A01500C1F900B35E67 /* GameView.h */ = {isa = PBXFileReference; fileEncoding = 4; lastKnownFileType = sourcecode.c.h; path = GameView.h; sourceTree = "<group>"; };
		1F2AF8A11500C1F900B35E67 /* GameView.mm */ = {isa = PBXFileReference; fileEncoding = 4; lastKnownFileType = sourcecode.cpp.objcpp; path = GameView.mm; sourceTree = "<group>"; };
		1F2AF8A61500C75E00B35E67 /* DrawingContext.h */ = {isa = PBXFileReference; lastKnownFileType = sourcecode.c.h; path = DrawingContext.h; sourceTree = "<group>"; };
		1F2AF8A71500C8B200B35E67 /* XDrawingContext.h */ = {isa = PBXFileReference; lastKnownFileType = sourcecode.c.h; path = XDrawingContext.h; sourceTree = "<group>"; };
		1F2AF8A81500CB2300B35E67 /* XDrawingContext.mm */ = {isa = PBXFileReference; fileEncoding = 4; lastKnownFileType = sourcecode.cpp.objcpp; path = XDrawingContext.mm; sourceTree = "<group>"; };
		1F372E751502A4AF00E75BAF /* InputHandler.h */ = {isa = PBXFileReference; lastKnownFileType = sourcecode.c.h; path = InputHandler.h; sourceTree = "<group>"; };
		1F8AB12D14FFBCDA00703CF4 /* XPong.app */ = {isa = PBXFileReference; explicitFileType = wrapper.application; includeInIndex = 0; path = XPong.app; sourceTree = BUILT_PRODUCTS_DIR; };
		1F8AB13114FFBCDA00703CF4 /* Cocoa.framework */ = {isa = PBXFileReference; lastKnownFileType = wrapper.framework; name = Cocoa.framework; path = System/Library/Frameworks/Cocoa.framework; sourceTree = SDKROOT; };
		1F8AB13414FFBCDA00703CF4 /* AppKit.framework */ = {isa = PBXFileReference; lastKnownFileType = wrapper.framework; name = AppKit.framework; path = System/Library/Frameworks/AppKit.framework; sourceTree = SDKROOT; };
		1F8AB13614FFBCDA00703CF4 /* Foundation.framework */ = {isa = PBXFileReference; lastKnownFileType = wrapper.framework; name = Foundation.framework; path = System/Library/Frameworks/Foundation.framework; sourceTree = SDKROOT; };
		1F8AB13914FFBCDA00703CF4 /* XPong-Info.plist */ = {isa = PBXFileReference; lastKnownFileType = text.plist.xml; path = "XPong-Info.plist"; sourceTree = "<group>"; };
		1F8AB13B14FFBCDA00703CF4 /* en */ = {isa = PBXFileReference; lastKnownFileType = text.plist.strings; name = en; path = en.lproj/InfoPlist.strings; sourceTree = "<group>"; };
		1F8AB13D14FFBCDA00703CF4 /* main.m */ = {isa = PBXFileReference; lastKnownFileType = sourcecode.c.objc; path = main.m; sourceTree = "<group>"; };
		1F8AB13F14FFBCDA00703CF4 /* XPong-Prefix.pch */ = {isa = PBXFileReference; lastKnownFileType = sourcecode.c.h; path = "XPong-Prefix.pch"; sourceTree = "<group>"; };
		1F8AB14114FFBCDA00703CF4 /* en */ = {isa = PBXFileReference; lastKnownFileType = text.rtf; name = en; path = en.lproj/Credits.rtf; sourceTree = "<group>"; };
		1F8AB14314FFBCDA00703CF4 /* AppDelegate.h */ = {isa = PBXFileReference; lastKnownFileType = sourcecode.c.h; path = AppDelegate.h; sourceTree = "<group>"; };
		1F8AB14414FFBCDA00703CF4 /* AppDelegate.mm */ = {isa = PBXFileReference; lastKnownFileType = sourcecode.cpp.objcpp; path = AppDelegate.mm; sourceTree = "<group>"; };
		1F8AB14714FFBCDB00703CF4 /* en */ = {isa = PBXFileReference; lastKnownFileType = file.xib; name = en; path = en.lproj/MainMenu.xib; sourceTree = "<group>"; };
		1F8AB14F14FFBEE900703CF4 /* GameObject.cpp */ = {isa = PBXFileReference; fileEncoding = 4; lastKnownFileType = sourcecode.cpp.cpp; path = GameObject.cpp; sourceTree = "<group>"; };
		1F8AB15114FFBEFB00703CF4 /* GameObject.h */ = {isa = PBXFileReference; lastKnownFileType = sourcecode.c.h; path = GameObject.h; sourceTree = "<group>"; };
		1F8AB15214FFC11200703CF4 /* Geometry.h */ = {isa = PBXFileReference; lastKnownFileType = sourcecode.c.h; path = Geometry.h; sourceTree = "<group>"; };
		1F8AB15314FFC3F800703CF4 /* Ball.h */ = {isa = PBXFileReference; lastKnownFileType = sourcecode.c.h; path = Ball.h; sourceTree = "<group>"; };
		1F8AB15414FFC46800703CF4 /* Paddle.h */ = {isa = PBXFileReference; lastKnownFileType = sourcecode.c.h; path = Paddle.h; sourceTree = "<group>"; };
		1F8AB15514FFC7E000703CF4 /* GameField.h */ = {isa = PBXFileReference; lastKnownFileType = sourcecode.c.h; path = GameField.h; sourceTree = "<group>"; };
		1F8AB15614FFC92800703CF4 /* GameField.cpp */ = {isa = PBXFileReference; fileEncoding = 4; lastKnownFileType = sourcecode.cpp.cpp; path = GameField.cpp; sourceTree = "<group>"; };
		1F8AB15814FFD23700703CF4 /* Ball.cpp */ = {isa = PBXFileReference; fileEncoding = 4; lastKnownFileType = sourcecode.cpp.cpp; path = Ball.cpp; sourceTree = "<group>"; };
		1FAB5031150246F400667CA2 /* Drawable.h */ = {isa = PBXFileReference; lastKnownFileType = sourcecode.c.h; path = Drawable.h; sourceTree = "<group>"; };
		1FAB5032150251FB00667CA2 /* HumanPlayer.cpp */ = {isa = PBXFileReference; fileEncoding = 4; lastKnownFileType = sourcecode.cpp.cpp; path = HumanPlayer.cpp; sourceTree = "<group>"; };
		1FAB50341502526900667CA2 /* ComputerPlayer.cpp */ = {isa = PBXFileReference; fileEncoding = 4; lastKnownFileType = sourcecode.cpp.cpp; path = ComputerPlayer.cpp; sourceTree = "<group>"; };
/* End PBXFileReference section */

/* Begin PBXFrameworksBuildPhase section */
		1F8AB12A14FFBCDA00703CF4 /* Frameworks */ = {
			isa = PBXFrameworksBuildPhase;
			buildActionMask = 2147483647;
			files = (
				1F8AB13214FFBCDA00703CF4 /* Cocoa.framework in Frameworks */,
			);
			runOnlyForDeploymentPostprocessing = 0;
		};
/* End PBXFrameworksBuildPhase section */

/* Begin PBXGroup section */
		1F8AB12214FFBCDA00703CF4 = {
			isa = PBXGroup;
			children = (
				1F8AB13714FFBCDA00703CF4 /* XPong */,
				1F8AB13014FFBCDA00703CF4 /* Frameworks */,
				1F8AB12E14FFBCDA00703CF4 /* Products */,
			);
			sourceTree = "<group>";
		};
		1F8AB12E14FFBCDA00703CF4 /* Products */ = {
			isa = PBXGroup;
			children = (
				1F8AB12D14FFBCDA00703CF4 /* XPong.app */,
			);
			name = Products;
			sourceTree = "<group>";
		};
		1F8AB13014FFBCDA00703CF4 /* Frameworks */ = {
			isa = PBXGroup;
			children = (
				1F8AB13114FFBCDA00703CF4 /* Cocoa.framework */,
				1F8AB13414FFBCDA00703CF4 /* AppKit.framework */,
				1F8AB13614FFBCDA00703CF4 /* Foundation.framework */,
			);
			name = Frameworks;
			sourceTree = "<group>";
		};
		1F8AB13714FFBCDA00703CF4 /* XPong */ = {
			isa = PBXGroup;
			children = (
				1F8AB14E14FFBECD00703CF4 /* Pong */,
				1F8AB13814FFBCDA00703CF4 /* UI */,
			);
			path = XPong;
			sourceTree = "<group>";
		};
		1F8AB13814FFBCDA00703CF4 /* UI */ = {
			isa = PBXGroup;
			children = (
				1F2AF8A71500C8B200B35E67 /* XDrawingContext.h */,
				1F2AF8A81500CB2300B35E67 /* XDrawingContext.mm */,
				1F2AF8A01500C1F900B35E67 /* GameView.h */,
				1F2AF8A11500C1F900B35E67 /* GameView.mm */,
				1F8AB14314FFBCDA00703CF4 /* AppDelegate.h */,
				1F8AB14414FFBCDA00703CF4 /* AppDelegate.mm */,
				1F8AB14614FFBCDA00703CF4 /* MainMenu.xib */,
				1F8AB13914FFBCDA00703CF4 /* XPong-Info.plist */,
				1F8AB13A14FFBCDA00703CF4 /* InfoPlist.strings */,
				1F8AB13D14FFBCDA00703CF4 /* main.m */,
				1F8AB13F14FFBCDA00703CF4 /* XPong-Prefix.pch */,
				1F8AB14014FFBCDA00703CF4 /* Credits.rtf */,
			);
			name = UI;
			sourceTree = "<group>";
		};
		1F8AB14E14FFBECD00703CF4 /* Pong */ = {
			isa = PBXGroup;
			children = (
				1F8AB15214FFC11200703CF4 /* Geometry.h */,
				1F2AF8A61500C75E00B35E67 /* DrawingContext.h */,
				1FAB5031150246F400667CA2 /* Drawable.h */,
				1F8AB15114FFBEFB00703CF4 /* GameObject.h */,
				1F8AB14F14FFBEE900703CF4 /* GameObject.cpp */,
				1F8AB15414FFC46800703CF4 /* Paddle.h */,
				1F24136E14FFD77A00F29B07 /* Paddle.cpp */,
				1F8AB15314FFC3F800703CF4 /* Ball.h */,
				1F8AB15814FFD23700703CF4 /* Ball.cpp */,
				1F8AB15514FFC7E000703CF4 /* GameField.h */,
				1F8AB15614FFC92800703CF4 /* GameField.cpp */,
				1F372E751502A4AF00E75BAF /* InputHandler.h */,
				1F24137515003BEC00F29B07 /* Player.h */,
				1F24137615003DBA00F29B07 /* HumanPlayer.h */,
				1FAB5032150251FB00667CA2 /* HumanPlayer.cpp */,
				1F2413771500408B00F29B07 /* ComputerPlayer.h */,
				1FAB50341502526900667CA2 /* ComputerPlayer.cpp */,
				1F241378150043A500F29B07 /* Game.h */,
				1F2413791500442600F29B07 /* Game.cpp */,
			);
			name = Pong;
			sourceTree = "<group>";
		};
/* End PBXGroup section */

/* Begin PBXNativeTarget section */
		1F8AB12C14FFBCDA00703CF4 /* XPong */ = {
			isa = PBXNativeTarget;
			buildConfigurationList = 1F8AB14B14FFBCDB00703CF4 /* Build configuration list for PBXNativeTarget "XPong" */;
			buildPhases = (
				1F8AB12914FFBCDA00703CF4 /* Sources */,
				1F8AB12A14FFBCDA00703CF4 /* Frameworks */,
				1F8AB12B14FFBCDA00703CF4 /* Resources */,
			);
			buildRules = (
			);
			dependencies = (
			);
			name = XPong;
			productName = XPong;
			productReference = 1F8AB12D14FFBCDA00703CF4 /* XPong.app */;
			productType = "com.apple.product-type.application";
		};
/* End PBXNativeTarget section */

/* Begin PBXProject section */
		1F8AB12414FFBCDA00703CF4 /* Project object */ = {
			isa = PBXProject;
			attributes = {
				LastUpgradeCheck = 0430;
			};
			buildConfigurationList = 1F8AB12714FFBCDA00703CF4 /* Build configuration list for PBXProject "XPong" */;
			compatibilityVersion = "Xcode 3.2";
			developmentRegion = English;
			hasScannedForEncodings = 0;
			knownRegions = (
				en,
			);
			mainGroup = 1F8AB12214FFBCDA00703CF4;
			productRefGroup = 1F8AB12E14FFBCDA00703CF4 /* Products */;
			projectDirPath = "";
			projectRoot = "";
			targets = (
				1F8AB12C14FFBCDA00703CF4 /* XPong */,
			);
		};
/* End PBXProject section */

/* Begin PBXResourcesBuildPhase section */
		1F8AB12B14FFBCDA00703CF4 /* Resources */ = {
			isa = PBXResourcesBuildPhase;
			buildActionMask = 2147483647;
			files = (
				1F8AB13C14FFBCDA00703CF4 /* InfoPlist.strings in Resources */,
				1F8AB14214FFBCDA00703CF4 /* Credits.rtf in Resources */,
				1F8AB14814FFBCDB00703CF4 /* MainMenu.xib in Resources */,
			);
			runOnlyForDeploymentPostprocessing = 0;
		};
/* End PBXResourcesBuildPhase section */

/* Begin PBXSourcesBuildPhase section */
		1F8AB12914FFBCDA00703CF4 /* Sources */ = {
			isa = PBXSourcesBuildPhase;
			buildActionMask = 2147483647;
			files = (
				1F8AB13E14FFBCDA00703CF4 /* main.m in Sources */,
				1F8AB14514FFBCDA00703CF4 /* AppDelegate.mm in Sources */,
				1F8AB15014FFBEE900703CF4 /* GameObject.cpp in Sources */,
				1F8AB15714FFC92800703CF4 /* GameField.cpp in Sources */,
				1F8AB15914FFD23700703CF4 /* Ball.cpp in Sources */,
				1F24136F14FFD77A00F29B07 /* Paddle.cpp in Sources */,
				1F24137A1500442600F29B07 /* Game.cpp in Sources */,
				1F2AF8A21500C1F900B35E67 /* GameView.mm in Sources */,
				1F2AF8A91500CB2300B35E67 /* XDrawingContext.mm in Sources */,
				1FAB5033150251FB00667CA2 /* HumanPlayer.cpp in Sources */,
				1FAB50351502526900667CA2 /* ComputerPlayer.cpp in Sources */,
			);
			runOnlyForDeploymentPostprocessing = 0;
		};
/* End PBXSourcesBuildPhase section */

/* Begin PBXVariantGroup section */
		1F8AB13A14FFBCDA00703CF4 /* InfoPlist.strings */ = {
			isa = PBXVariantGroup;
			children = (
				1F8AB13B14FFBCDA00703CF4 /* en */,
			);
			name = InfoPlist.strings;
			sourceTree = "<group>";
		};
		1F8AB14014FFBCDA00703CF4 /* Credits.rtf */ = {
			isa = PBXVariantGroup;
			children = (
				1F8AB14114FFBCDA00703CF4 /* en */,
			);
			name = Credits.rtf;
			sourceTree = "<group>";
		};
		1F8AB14614FFBCDA00703CF4 /* MainMenu.xib */ = {
			isa = PBXVariantGroup;
			children = (
				1F8AB14714FFBCDB00703CF4 /* en */,
			);
			name = MainMenu.xib;
			sourceTree = "<group>";
		};
/* End PBXVariantGroup section */

/* Begin XCBuildConfiguration section */
		1F8AB14914FFBCDB00703CF4 /* Debug */ = {
			isa = XCBuildConfiguration;
			buildSettings = {
				ALWAYS_SEARCH_USER_PATHS = NO;
				ARCHS = "$(ARCHS_STANDARD_64_BIT)";
				COPY_PHASE_STRIP = NO;
				GCC_C_LANGUAGE_STANDARD = gnu99;
				GCC_DYNAMIC_NO_PIC = NO;
				GCC_ENABLE_OBJC_EXCEPTIONS = YES;
				GCC_OPTIMIZATION_LEVEL = 0;
				GCC_PREPROCESSOR_DEFINITIONS = (
					"DEBUG=1",
					"$(inherited)",
				);
				GCC_SYMBOLS_PRIVATE_EXTERN = NO;
				GCC_VERSION = com.apple.compilers.llvm.clang.1_0;
				GCC_WARN_64_TO_32_BIT_CONVERSION = YES;
				GCC_WARN_ABOUT_RETURN_TYPE = YES;
				GCC_WARN_UNINITIALIZED_AUTOS = YES;
				GCC_WARN_UNUSED_VARIABLE = YES;
				MACOSX_DEPLOYMENT_TARGET = 10.7;
				ONLY_ACTIVE_ARCH = YES;
				SDKROOT = macosx;
			};
			name = Debug;
		};
		1F8AB14A14FFBCDB00703CF4 /* Release */ = {
			isa = XCBuildConfiguration;
			buildSettings = {
				ALWAYS_SEARCH_USER_PATHS = NO;
				ARCHS = "$(ARCHS_STANDARD_64_BIT)";
				COPY_PHASE_STRIP = YES;
				DEBUG_INFORMATION_FORMAT = "dwarf-with-dsym";
				GCC_C_LANGUAGE_STANDARD = gnu99;
				GCC_ENABLE_OBJC_EXCEPTIONS = YES;
				GCC_VERSION = com.apple.compilers.llvm.clang.1_0;
				GCC_WARN_64_TO_32_BIT_CONVERSION = YES;
				GCC_WARN_ABOUT_RETURN_TYPE = YES;
				GCC_WARN_UNINITIALIZED_AUTOS = YES;
				GCC_WARN_UNUSED_VARIABLE = YES;
				MACOSX_DEPLOYMENT_TARGET = 10.7;
				SDKROOT = macosx;
			};
			name = Release;
		};
		1F8AB14C14FFBCDB00703CF4 /* Debug */ = {
			isa = XCBuildConfiguration;
			buildSettings = {
				GCC_PRECOMPILE_PREFIX_HEADER = YES;
				GCC_PREFIX_HEADER = "XPong/XPong-Prefix.pch";
				INFOPLIST_FILE = "XPong/XPong-Info.plist";
				PRODUCT_NAME = "$(TARGET_NAME)";
				WRAPPER_EXTENSION = app;
			};
			name = Debug;
		};
		1F8AB14D14FFBCDB00703CF4 /* Release */ = {
			isa = XCBuildConfiguration;
			buildSettings = {
				GCC_PRECOMPILE_PREFIX_HEADER = YES;
				GCC_PREFIX_HEADER = "XPong/XPong-Prefix.pch";
				INFOPLIST_FILE = "XPong/XPong-Info.plist";
				PRODUCT_NAME = "$(TARGET_NAME)";
				WRAPPER_EXTENSION = app;
			};
			name = Release;
		};
/* End XCBuildConfiguration section */

/* Begin XCConfigurationList section */
		1F8AB12714FFBCDA00703CF4 /* Build configuration list for PBXProject "XPong" */ = {
			isa = XCConfigurationList;
			buildConfigurations = (
				1F8AB14914FFBCDB00703CF4 /* Debug */,
				1F8AB14A14FFBCDB00703CF4 /* Release */,
			);
			defaultConfigurationIsVisible = 0;
			defaultConfigurationName = Release;
		};
		1F8AB14B14FFBCDB00703CF4 /* Build configuration list for PBXNativeTarget "XPong" */ = {
			isa = XCConfigurationList;
			buildConfigurations = (
				1F8AB14C14FFBCDB00703CF4 /* Debug */,
				1F8AB14D14FFBCDB00703CF4 /* Release */,
			);
			defaultConfigurationIsVisible = 0;
			defaultConfigurationName = Release;
		};
/* End XCConfigurationList section */
	};
	rootObject = 1F8AB12414FFBCDA00703CF4 /* Project object */;
}
